
Microsoft Visual Studio Solution File, Format Version 12.00
# Visual Studio 15
VisualStudioVersion = 15.0.27004.2009
MinimumVisualStudioVersion = 10.0.40219.1
Project("{FAE04EC0-301F-11D3-BF4B-00C04F79EFBC}") = "ATNETProject", "ATNETProject\ATNETProject.csproj", "{A9A145CC-3629-44E3-A8BE-AA0A819164F0}"
EndProject
Project("{FAE04EC0-301F-11D3-BF4B-00C04F79EFBC}") = "MyWebService", "MyWebService\MyWebService.csproj", "{E763803B-3FAA-4EF3-8B38-0D838C5D3F92}"
EndProject
Global
	GlobalSection(SolutionConfigurationPlatforms) = preSolution
		Debug|Any CPU = Debug|Any CPU
		Release|Any CPU = Release|Any CPU
	EndGlobalSection
	GlobalSection(ProjectConfigurationPlatforms) = postSolution
		{A9A145CC-3629-44E3-A8BE-AA0A819164F0}.Debug|Any CPU.ActiveCfg = Debug|Any CPU
		{A9A145CC-3629-44E3-A8BE-AA0A819164F0}.Debug|Any CPU.Build.0 = Debug|Any CPU
		{A9A145CC-3629-44E3-A8BE-AA0A819164F0}.Release|Any CPU.ActiveCfg = Release|Any CPU
		{A9A145CC-3629-44E3-A8BE-AA0A819164F0}.Release|Any CPU.Build.0 = Release|Any CPU
		{E763803B-3FAA-4EF3-8B38-0D838C5D3F92}.Debug|Any CPU.ActiveCfg = Debug|Any CPU
		{E763803B-3FAA-4EF3-8B38-0D838C5D3F92}.Debug|Any CPU.Build.0 = Debug|Any CPU
		{E763803B-3FAA-4EF3-8B38-0D838C5D3F92}.Release|Any CPU.ActiveCfg = Release|Any CPU
		{E763803B-3FAA-4EF3-8B38-0D838C5D3F92}.Release|Any CPU.Build.0 = Release|Any CPU
	EndGlobalSection
	GlobalSection(SolutionProperties) = preSolution
		HideSolutionNode = FALSE
	EndGlobalSection
	GlobalSection(ExtensibilityGlobals) = postSolution
		SolutionGuid = {F35112E3-6C89-4AE0-86F6-F816050B9878}
	EndGlobalSection
EndGlobal
